# THIS IS AN AUTOGENERATED FILE. DO NOT EDIT THIS FILE DIRECTLY.
# yarn lockfile v1


smallest@^1.0.1:
  version "1.0.1"
  resolved "https://registry.yarnpkg.com/smallest/-/smallest-1.0.1.tgz#59ddee13546911b2177f36af61a866bf3b3bfb81"
  integrity sha512-iZqKflwrMMfQfMpu4wvHZJ1D4SODLtBjW9K3FSMMFg6nmh4Ksuo2NRWclVRi7INGbsH87EvuuiLtcM/0a1sikw==
  dependencies:
    to-array "~0.1.4"

to-array@~0.1.4:
  version "0.1.4"
  resolved "https://registry.yarnpkg.com/to-array/-/to-array-0.1.4.tgz#17e6c11f73dd4f3d74cda7a4ff3238e9ad9bf890"
  integrity sha512-LhVdShQD/4Mk4zXNroIQZJC+Ap3zgLcDuwEdcmLv9CCO73NWockQDwyUnW/m8VX/EElfL6FcYx7EeutN4HJA6A==
